# This file is automatically @generated by Cargo.
# It is not intended for manual editing.
version = 3

[[package]]
name = "anyhow"
version = "1.0.102"
source = "registry+https://github.com/rust-lang/crates.io-index"
checksum = "7f202df86484c868dbad7eaa557ef785d5c66295e41b460ef922eca0723b842c"

[[package]]
name = "arbitrary"
version = "1.4.1"
source = "registry+https://github.com/rust-lang/crates.io-index"
checksum = "dde20b3d026af13f561bdd0f15edf01fc734f0dafcedbaf42bba506a9517f223"

[[package]]
name = "bincode"
version = "1.3.3"
source = "registry+https://github.com/rust-lang/crates.io-index"
checksum = "b1f45e9417d87227c7a56d22e471c6206462cba514c7590c09aff4cf6d1ddcad"
dependencies = [
 "serde",
]

[[package]]
name = "bitflags"
version = "2.9.0"
source = "registry+https://github.com/rust-lang/crates.io-index"
checksum = "5c8214115b7bf84099f1309324e63141d4c5d7cc26862f97a0a857dbefe165bd"

[[package]]
name = "bumpalo"
version = "3.2.1"
source = "registry+https://github.com/rust-lang/crates.io-index"
checksum = "12ae9db68ad7fac5fe51304d20f016c911539251075a214f8e663babefa35187"

[[package]]
name = "byteorder"
version = "1.0.0"
source = "registry+https://github.com/rust-lang/crates.io-index"
checksum = "c40977b0ee6b9885c9013cd41d9feffdd22deb3bb4dc3a71d901cc7a77de18c8"

[[package]]
name = "cc"
version = "1.0.28"
source = "registry+https://github.com/rust-lang/crates.io-index"
checksum = "bb4a8b715cb4597106ea87c7c84b2f1d452c7492033765df7f32651e66fcf749"

[[package]]
name = "cfg-if"
version = "1.0.0"
source = "registry+https://github.com/rust-lang/crates.io-index"
checksum = "baf1de4339761588bc0619e3cbc0120ee582ebb74b53b4efbf79117bd2da40fd"

[[package]]
name = "chacha20"
version = "0.10.0"
source = "registry+https://github.com/rust-lang/crates.io-index"
checksum = "6f8d983286843e49675a4b7a2d174efe136dc93a18d69130dd18198a6c167601"
dependencies = [
 "cfg-if",
 "cpufeatures",
 "rand_core",
]

[[package]]
name = "console_error_panic_hook"
version = "0.1.7"
source = "registry+https://github.com/rust-lang/crates.io-index"
checksum = "a06aeb73f470f66dcdbf7223caeebb85984942f22f1adb2a088cf9668146bbbc"
dependencies = [
 "cfg-if",
 "wasm-bindgen",
]

[[package]]
name = "cpufeatures"
version = "0.3.0"
source = "registry+https://github.com/rust-lang/crates.io-index"
checksum = "8b2a41393f66f16b0823bb79094d54ac5fbd34ab292ddafb9a0456ac9f87d201"
dependencies = [
 "libc",
]

[[package]]
name = "equivalent"
version = "1.0.2"
source = "registry+https://github.com/rust-lang/crates.io-index"
checksum = "877a4ace8713b0bcf2a4e7eec82529c029f1d0619886d18145fea96c3ffe5c0f"

[[package]]
name = "foldhash"
version = "0.1.5"
source = "registry+https://github.com/rust-lang/crates.io-index"
checksum = "d9c4f5dac5e15c24eb999c26181a6ca40b39fe946cbe4c263c7209467bc83af2"

[[package]]
name = "getrandom"
version = "0.4.2"
source = "registry+https://github.com/rust-lang/crates.io-index"
checksum = "0de51e6874e94e7bf76d726fc5d13ba782deca734ff60d5bb2fb2607c7406555"
dependencies = [
 "cfg-if",
 "js-sys",
 "libc",
 "r-efi",
 "rand_core",
 "wasip2",
 "wasip3",
 "wasm-bindgen",
]

[[package]]
name = "half"
version = "1.2.0"
source = "registry+https://github.com/rust-lang/crates.io-index"
checksum = "ee6c0438de3ca4d8cac2eec62b228e2f8865cfe9ebefea720406774223fa2d2e"

[[package]]
name = "hashbrown"
version = "0.15.5"
source = "registry+https://github.com/rust-lang/crates.io-index"
checksum = "9229cfe53dfd69f0609a49f65461bd93001ea1ef889cd5529dd176593f5338a1"
dependencies = [
 "foldhash",
]

[[package]]
name = "hashbrown"
version = "0.16.1"
source = "registry+https://github.com/rust-lang/crates.io-index"
checksum = "841d1cc9bed7f9236f321df977030373f4a4163ae1a7dbfe1a51a2c1a51d9100"

[[package]]
name = "heck"
version = "0.5.0"
source = "registry+https://github.com/rust-lang/crates.io-index"
checksum = "2304e00983f87ffb38b55b444b5e3b60a884b5d30c0fca7d82fe33449bbe55ea"

[[package]]
name = "hex_lit"
version = "0.1.1"
source = "registry+https://github.com/rust-lang/crates.io-index"
checksum = "3011d1213f159867b13cfd6ac92d2cd5f1345762c63be3554e84092d85a50bbd"

[[package]]
name = "id-arena"
version = "2.3.0"
source = "registry+https://github.com/rust-lang/crates.io-index"
checksum = "3d3067d79b975e8844ca9eb072e16b31c3c1c36928edf9c6789548c524d0d954"

[[package]]
name = "indexmap"
version = "2.13.0"
source = "registry+https://github.com/rust-lang/crates.io-index"
checksum = "7714e70437a7dc3ac8eb7e6f8df75fd8eb422675fc7678aff7364301092b1017"
dependencies = [
 "equivalent",
 "hashbrown 0.16.1",
 "serde",
 "serde_core",
]

[[package]]
name = "itoa"
version = "1.0.18"
source = "registry+https://github.com/rust-lang/crates.io-index"
checksum = "8f42a60cbdf9a97f5d2305f08a87dc4e09308d1276d28c869c684d7777685682"

[[package]]
name = "js-sys"
version = "0.3.77"
source = "registry+https://github.com/rust-lang/crates.io-index"
checksum = "1cfaf33c695fc6e08064efbc1f72ec937429614f25eef83af942d0e227c3a28f"
dependencies = [
 "once_cell",
 "wasm-bindgen",
]

[[package]]
name = "leb128fmt"
version = "0.1.0"
source = "registry+https://github.com/rust-lang/crates.io-index"
checksum = "09edd9e8b54e49e587e4f6295a7d29c3ea94d469cb40ab8ca70b288248a81db2"

[[package]]
name = "libc"
version = "0.2.171"
source = "registry+https://github.com/rust-lang/crates.io-index"
checksum = "c19937216e9d3aa9956d9bb8dfc0b0c8beb6058fc4f7a4dc4d850edf86a237d6"

[[package]]
name = "log"
version = "0.4.29"
source = "registry+https://github.com/rust-lang/crates.io-index"
checksum = "5e5032e24019045c762d3c0f28f5b6b8bbf38563a65908389bf7978758920897"

[[package]]
name = "memchr"
version = "2.8.0"
source = "registry+https://github.com/rust-lang/crates.io-index"
checksum = "f8ca58f447f06ed17d5fc4043ce1b10dd205e060fb3ce5b979b8ed8e59ff3f79"

[[package]]
name = "once_cell"
version = "1.21.3"
source = "registry+https://github.com/rust-lang/crates.io-index"
checksum = "42f5e15c9953c5e4ccceeb2e7382a716482c34515315f7b03532b8b4e8393d2d"

[[package]]
name = "prettyplease"
version = "0.2.37"
source = "registry+https://github.com/rust-lang/crates.io-index"
checksum = "479ca8adacdd7ce8f1fb39ce9ecccbfe93a3f1344b3d0d97f20bc0196208f62b"
dependencies = [
 "proc-macro2",
 "syn",
]

[[package]]
name = "proc-macro2"
version = "1.0.94"
source = "registry+https://github.com/rust-lang/crates.io-index"
checksum = "a31971752e70b8b2686d7e46ec17fb38dad4051d94024c88df49b667caea9c84"
dependencies = [
 "unicode-ident",
]

[[package]]
name = "quote"
version = "1.0.40"
source = "registry+https://github.com/rust-lang/crates.io-index"
checksum = "1885c039570dc00dcb4ff087a89e185fd56bae234ddc7f056a945bf36467248d"
dependencies = [
 "proc-macro2",
]

[[package]]
name = "r-efi"
version = "6.0.0"
source = "registry+https://github.com/rust-lang/crates.io-index"
checksum = "f8dcc9c7d52a811697d2151c701e0d08956f92b0e24136cf4cf27b57a6a0d9bf"

[[package]]
name = "rand"
version = "0.10.0"
source = "registry+https://github.com/rust-lang/crates.io-index"
checksum = "bc266eb313df6c5c09c1c7b1fbe2510961e5bcd3add930c1e31f7ed9da0feff8"
dependencies = [
 "chacha20",
 "getrandom",
 "rand_core",
]

[[package]]
name = "rand_core"
version = "0.10.0"
source = "registry+https://github.com/rust-lang/crates.io-index"
checksum = "0c8d0fd677905edcbeedbf2edb6494d676f0e98d54d5cf9bda0b061cb8fb8aba"

[[package]]
name = "rand_xoshiro"
version = "0.8.0"
source = "registry+https://github.com/rust-lang/crates.io-index"
checksum = "1f0b2cc7bfeef8f0320ca45f88b00157a03c67137022d59393614352d6bf4312"
dependencies = [
 "rand_core",
]

[[package]]
name = "rustversion"
version = "1.0.20"
source = "registry+https://github.com/rust-lang/crates.io-index"
checksum = "eded382c5f5f786b989652c49544c4877d9f015cc22e145a5ea8ea66c2921cd2"

[[package]]
name = "scoped-tls"
version = "1.0.0"
source = "registry+https://github.com/rust-lang/crates.io-index"
checksum = "ea6a9290e3c9cf0f18145ef7ffa62d68ee0bf5fcd651017e586dc7fd5da448c2"

[[package]]
name = "secp256k1"
version = "0.32.0-beta.2"
dependencies = [
 "arbitrary",
 "bincode",
 "getrandom",
 "hex_lit",
 "rand",
 "rand_xoshiro",
 "secp256k1-sys",
 "serde",
 "serde_cbor",
 "serde_test",
 "wasm-bindgen-test",
]

[[package]]
name = "secp256k1-sys"
version = "0.13.0"
dependencies = [
 "cc",
 "libc",
]

[[package]]
name = "semver"
version = "1.0.27"
source = "registry+https://github.com/rust-lang/crates.io-index"
checksum = "d767eb0aabc880b29956c35734170f26ed551a859dbd361d140cdbeca61ab1e2"

[[package]]
name = "serde"
version = "1.0.228"
source = "registry+https://github.com/rust-lang/crates.io-index"
checksum = "9a8e94ea7f378bd32cbbd37198a4a91436180c5bb472411e48b5ec2e2124ae9e"
dependencies = [
 "serde_core",
]

[[package]]
name = "serde_cbor"
version = "0.10.0"
source = "registry+https://github.com/rust-lang/crates.io-index"
checksum = "b6ef26f80c739ba7709ec3275c582a1691c5b261f4ce06edd8f539008fa1a36d"
dependencies = [
 "byteorder",
 "half",
 "serde",
]

[[package]]
name = "serde_core"
version = "1.0.228"
source = "registry+https://github.com/rust-lang/crates.io-index"
checksum = "41d385c7d4ca58e59fc732af25c3983b67ac852c1a25000afe1175de458b67ad"
dependencies = [
 "serde_derive",
]

[[package]]
name = "serde_derive"
version = "1.0.228"
source = "registry+https://github.com/rust-lang/crates.io-index"
checksum = "d540f220d3187173da220f885ab66608367b6574e925011a9353e4badda91d79"
dependencies = [
 "proc-macro2",
 "quote",
 "syn",
]

[[package]]
name = "serde_json"
version = "1.0.149"
source = "registry+https://github.com/rust-lang/crates.io-index"
checksum = "83fc039473c5595ace860d8c4fafa220ff474b3fc6bfdb4293327f1a37e94d86"
dependencies = [
 "itoa",
 "memchr",
 "serde",
 "serde_core",
 "zmij",
]

[[package]]
name = "serde_test"
version = "1.0.19"
source = "registry+https://github.com/rust-lang/crates.io-index"
checksum = "482765e11e55174e2d74a611674d09ed96712c00e0777e305a0c416dfef5fa40"
dependencies = [
 "serde",
]

[[package]]
name = "syn"
version = "2.0.117"
source = "registry+https://github.com/rust-lang/crates.io-index"
checksum = "e665b8803e7b1d2a727f4023456bbbbe74da67099c585258af0ad9c5013b9b99"
dependencies = [
 "proc-macro2",
 "quote",
 "unicode-ident",
]

[[package]]
name = "unicode-ident"
version = "1.0.18"
source = "registry+https://github.com/rust-lang/crates.io-index"
checksum = "5a5f39404a5da50712a4c1eecf25e90dd62b613502b7e925fd4e4d19b5c96512"

[[package]]
name = "unicode-xid"
version = "0.2.6"
source = "registry+https://github.com/rust-lang/crates.io-index"
checksum = "ebc1c04c71510c7f702b52b7c350734c9ff1295c464a03335b00bb84fc54f853"

[[package]]
name = "wasip2"
version = "1.0.2+wasi-0.2.9"
source = "registry+https://github.com/rust-lang/crates.io-index"
checksum = "9517f9239f02c069db75e65f174b3da828fe5f5b945c4dd26bd25d89c03ebcf5"
dependencies = [
 "wit-bindgen",
]

[[package]]
name = "wasip3"
version = "0.4.0+wasi-0.3.0-rc-2026-01-06"
source = "registry+https://github.com/rust-lang/crates.io-index"
checksum = "5428f8bf88ea5ddc08faddef2ac4a67e390b88186c703ce6dbd955e1c145aca5"
dependencies = [
 "wit-bindgen",
]

[[package]]
name = "wasm-bindgen"
version = "0.2.100"
source = "registry+https://github.com/rust-lang/crates.io-index"
checksum = "1edc8929d7499fc4e8f0be2262a241556cfc54a0bea223790e71446f2aab1ef5"
dependencies = [
 "cfg-if",
 "once_cell",
 "rustversion",
 "wasm-bindgen-macro",
]

[[package]]
name = "wasm-bindgen-backend"
version = "0.2.100"
source = "registry+https://github.com/rust-lang/crates.io-index"
checksum = "2f0a0651a5c2bc21487bde11ee802ccaf4c51935d0d3d42a6101f98161700bc6"
dependencies = [
 "bumpalo",
 "log",
 "proc-macro2",
 "quote",
 "syn",
 "wasm-bindgen-shared",
]

[[package]]
name = "wasm-bindgen-futures"
version = "0.4.19"
source = "registry+https://github.com/rust-lang/crates.io-index"
checksum = "1fe9756085a84584ee9457a002b7cdfe0bfff169f45d2591d8be1345a6780e35"
dependencies = [
 "cfg-if",
 "js-sys",
 "wasm-bindgen",
 "web-sys",
]

[[package]]
name = "wasm-bindgen-macro"
version = "0.2.100"
source = "registry+https://github.com/rust-lang/crates.io-index"
checksum = "7fe63fc6d09ed3792bd0897b314f53de8e16568c2b3f7982f468c0bf9bd0b407"
dependencies = [
 "quote",
 "wasm-bindgen-macro-support",
]

[[package]]
name = "wasm-bindgen-macro-support"
version = "0.2.100"
source = "registry+https://github.com/rust-lang/crates.io-index"
checksum = "8ae87ea40c9f689fc23f209965b6fb8a99ad69aeeb0231408be24920604395de"
dependencies = [
 "proc-macro2",
 "quote",
 "syn",
 "wasm-bindgen-backend",
 "wasm-bindgen-shared",
]

[[package]]
name = "wasm-bindgen-shared"
version = "0.2.100"
source = "registry+https://github.com/rust-lang/crates.io-index"
checksum = "1a05d73b933a847d6cccdda8f838a22ff101ad9bf93e33684f39c1f5f0eece3d"
dependencies = [
 "unicode-ident",
]

[[package]]
name = "wasm-bindgen-test"
version = "0.3.1"
source = "registry+https://github.com/rust-lang/crates.io-index"
checksum = "2c3d30c1e43ebb4c4835f8163456d16f83dd6c1831424cb22680c680ef5f8ea8"
dependencies = [
 "console_error_panic_hook",
 "js-sys",
 "scoped-tls",
 "wasm-bindgen",
 "wasm-bindgen-futures",
 "wasm-bindgen-test-macro",
]

[[package]]
name = "wasm-bindgen-test-macro"
version = "0.3.1"
source = "registry+https://github.com/rust-lang/crates.io-index"
checksum = "5f093012630c0c14be061ac7a8d99f82a94e2b1cfd74619fa71090705d2c91be"
dependencies = [
 "proc-macro2",
 "quote",
]

[[package]]
name = "wasm-encoder"
version = "0.244.0"
source = "registry+https://github.com/rust-lang/crates.io-index"
checksum = "990065f2fe63003fe337b932cfb5e3b80e0b4d0f5ff650e6985b1048f62c8319"
dependencies = [
 "leb128fmt",
 "wasmparser",
]

[[package]]
name = "wasm-metadata"
version = "0.244.0"
source = "registry+https://github.com/rust-lang/crates.io-index"
checksum = "bb0e353e6a2fbdc176932bbaab493762eb1255a7900fe0fea1a2f96c296cc909"
dependencies = [
 "anyhow",
 "indexmap",
 "wasm-encoder",
 "wasmparser",
]

[[package]]
name = "wasmparser"
version = "0.244.0"
source = "registry+https://github.com/rust-lang/crates.io-index"
checksum = "47b807c72e1bac69382b3a6fb3dbe8ea4c0ed87ff5629b8685ae6b9a611028fe"
dependencies = [
 "bitflags",
 "hashbrown 0.15.5",
 "indexmap",
 "semver",
]

[[package]]
name = "web-sys"
version = "0.3.36"
source = "registry+https://github.com/rust-lang/crates.io-index"
checksum = "721c6263e2c66fd44501cc5efbfa2b7dfa775d13e4ea38c46299646ed1f9c70a"
dependencies = [
 "js-sys",
 "wasm-bindgen",
]

[[package]]
name = "wit-bindgen"
version = "0.51.0"
source = "registry+https://github.com/rust-lang/crates.io-index"
checksum = "d7249219f66ced02969388cf2bb044a09756a083d0fab1e566056b04d9fbcaa5"
dependencies = [
 "wit-bindgen-rust-macro",
]

[[package]]
name = "wit-bindgen-core"
version = "0.51.0"
source = "registry+https://github.com/rust-lang/crates.io-index"
checksum = "ea61de684c3ea68cb082b7a88508a8b27fcc8b797d738bfc99a82facf1d752dc"
dependencies = [
 "anyhow",
 "heck",
 "wit-parser",
]

[[package]]
name = "wit-bindgen-rust"
version = "0.51.0"
source = "registry+https://github.com/rust-lang/crates.io-index"
checksum = "b7c566e0f4b284dd6561c786d9cb0142da491f46a9fbed79ea69cdad5db17f21"
dependencies = [
 "anyhow",
 "heck",
 "indexmap",
 "prettyplease",
 "syn",
 "wasm-metadata",
 "wit-bindgen-core",
 "wit-component",
]

[[package]]
name = "wit-bindgen-rust-macro"
version = "0.51.0"
source = "registry+https://github.com/rust-lang/crates.io-index"
checksum = "0c0f9bfd77e6a48eccf51359e3ae77140a7f50b1e2ebfe62422d8afdaffab17a"
dependencies = [
 "anyhow",
 "prettyplease",
 "proc-macro2",
 "quote",
 "syn",
 "wit-bindgen-core",
 "wit-bindgen-rust",
]

[[package]]
name = "wit-component"
version = "0.244.0"
source = "registry+https://github.com/rust-lang/crates.io-index"
checksum = "9d66ea20e9553b30172b5e831994e35fbde2d165325bec84fc43dbf6f4eb9cb2"
dependencies = [
 "anyhow",
 "bitflags",
 "indexmap",
 "log",
 "serde",
 "serde_derive",
 "serde_json",
 "wasm-encoder",
 "wasm-metadata",
 "wasmparser",
 "wit-parser",
]

[[package]]
name = "wit-parser"
version = "0.244.0"
source = "registry+https://github.com/rust-lang/crates.io-index"
checksum = "ecc8ac4bc1dc3381b7f59c34f00b67e18f910c2c0f50015669dde7def656a736"
dependencies = [
 "anyhow",
 "id-arena",
 "indexmap",
 "log",
 "semver",
 "serde",
 "serde_derive",
 "serde_json",
 "unicode-xid",
 "wasmparser",
]

[[package]]
name = "zmij"
version = "1.0.21"
source = "registry+https://github.com/rust-lang/crates.io-index"
checksum = "b8848ee67ecc8aedbaf3e4122217aff892639231befc6a1b58d29fff4c2cabaa"
